// !$*UTF8*$!
{
	archiveVersion = 1;
	classes = {
	};
	objectVersion = 56;
	objects = {

/* Begin PBXBuildFile section */
		32206E422BA36EBF002753A8 /* ToDoListAppApp.swift in Sources */ = {isa = PBXBuildFile; fileRef = 32206E412BA36EBF002753A8 /* ToDoListAppApp.swift */; };
		32206E442BA36EBF002753A8 /* ContentView.swift in Sources */ = {isa = PBXBuildFile; fileRef = 32206E432BA36EBF002753A8 /* ContentView.swift */; };
		32206E462BA36EC1002753A8 /* Assets.xcassets in Resources */ = {isa = PBXBuildFile; fileRef = 32206E452BA36EC1002753A8 /* Assets.xcassets */; };
		32206E492BA36EC1002753A8 /* Preview Assets.xcassets in Resources */ = {isa = PBXBuildFile; fileRef = 32206E482BA36EC1002753A8 /* Preview Assets.xcassets */; };
		32206E532BA36EC2002753A8 /* ToDoListAppTests.swift in Sources */ = {isa = PBXBuildFile; fileRef = 32206E522BA36EC2002753A8 /* ToDoListAppTests.swift */; };
		32206E5D2BA36EC2002753A8 /* ToDoListAppUITests.swift in Sources */ = {isa = PBXBuildFile; fileRef = 32206E5C2BA36EC2002753A8 /* ToDoListAppUITests.swift */; };
		32206E5F2BA36EC2002753A8 /* ToDoListAppUITestsLaunchTests.swift in Sources */ = {isa = PBXBuildFile; fileRef = 32206E5E2BA36EC2002753A8 /* ToDoListAppUITestsLaunchTests.swift */; };
		32206E6E2BA3703F002753A8 /* TasksModel.xcdatamodeld in Sources */ = {isa = PBXBuildFile; fileRef = 32206E6C2BA3703F002753A8 /* TasksModel.xcdatamodeld */; };
		32206E702BA37CDC002753A8 /* addTaskView.swift in Sources */ = {isa = PBXBuildFile; fileRef = 32206E6F2BA37CDC002753A8 /* addTaskView.swift */; };
		32206E722BA38E7F002753A8 /* EditTasks.swift in Sources */ = {isa = PBXBuildFile; fileRef = 32206E712BA38E7F002753A8 /* EditTasks.swift */; };
		32206E762BA3A2EB002753A8 /* DataControllar.swift in Sources */ = {isa = PBXBuildFile; fileRef = 32206E752BA3A2EB002753A8 /* DataControllar.swift */; };
/* End PBXBuildFile section */

/* Begin PBXContainerItemProxy section */
		32206E4F2BA36EC2002753A8 /* PBXContainerItemProxy */ = {
			isa = PBXContainerItemProxy;
			containerPortal = 32206E362BA36EBF002753A8 /* Project object */;
			proxyType = 1;
			remoteGlobalIDString = 32206E3D2BA36EBF002753A8;
			remoteInfo = ToDoListApp;
		};
		32206E592BA36EC2002753A8 /* PBXContainerItemProxy */ = {
			isa = PBXContainerItemProxy;
			containerPortal = 32206E362BA36EBF002753A8 /* Project object */;
			proxyType = 1;
			remoteGlobalIDString = 32206E3D2BA36EBF002753A8;
			remoteInfo = ToDoListApp;
		};
/* End PBXContainerItemProxy section */

/* Begin PBXFileReference section */
		32206E3E2BA36EBF002753A8 /* ToDoListApp.app */ = {isa = PBXFileReference; explicitFileType = wrapper.application; includeInIndex = 0; path = ToDoListApp.app; sourceTree = BUILT_PRODUCTS_DIR; };
		32206E412BA36EBF002753A8 /* ToDoListAppApp.swift */ = {isa = PBXFileReference; lastKnownFileType = sourcecode.swift; path = ToDoListAppApp.swift; sourceTree = "<group>"; };
		32206E432BA36EBF002753A8 /* ContentView.swift */ = {isa = PBXFileReference; lastKnownFileType = sourcecode.swift; path = ContentView.swift; sourceTree = "<group>"; };
		32206E452BA36EC1002753A8 /* Assets.xcassets */ = {isa = PBXFileReference; lastKnownFileType = folder.assetcatalog; path = Assets.xcassets; sourceTree = "<group>"; };
		32206E482BA36EC1002753A8 /* Preview Assets.xcassets */ = {isa = PBXFileReference; lastKnownFileType = folder.assetcatalog; path = "Preview Assets.xcassets"; sourceTree = "<group>"; };
		32206E4E2BA36EC2002753A8 /* ToDoListAppTests.xctest */ = {isa = PBXFileReference; explicitFileType = wrapper.cfbundle; includeInIndex = 0; path = ToDoListAppTests.xctest; sourceTree = BUILT_PRODUCTS_DIR; };
		32206E522BA36EC2002753A8 /* ToDoListAppTests.swift */ = {isa = PBXFileReference; lastKnownFileType = sourcecode.swift; path = ToDoListAppTests.swift; sourceTree = "<group>"; };
		32206E582BA36EC2002753A8 /* ToDoListAppUITests.xctest */ = {isa = PBXFileReference; explicitFileType = wrapper.cfbundle; includeInIndex = 0; path = ToDoListAppUITests.xctest; sourceTree = BUILT_PRODUCTS_DIR; };
		32206E5C2BA36EC2002753A8 /* ToDoListAppUITests.swift */ = {isa = PBXFileReference; lastKnownFileType = sourcecode.swift; path = ToDoListAppUITests.swift; sourceTree = "<group>"; };
		32206E5E2BA36EC2002753A8 /* ToDoListAppUITestsLaunchTests.swift */ = {isa = PBXFileReference; lastKnownFileType = sourcecode.swift; path = ToDoListAppUITestsLaunchTests.swift; sourceTree = "<group>"; };
		32206E6D2BA3703F002753A8 /* TasksModel.xcdatamodel */ = {isa = PBXFileReference; lastKnownFileType = wrapper.xcdatamodel; path = TasksModel.xcdatamodel; sourceTree = "<group>"; };
		32206E6F2BA37CDC002753A8 /* addTaskView.swift */ = {isa = PBXFileReference; lastKnownFileType = sourcecode.swift; path = addTaskView.swift; sourceTree = "<group>"; };
		32206E712BA38E7F002753A8 /* EditTasks.swift */ = {isa = PBXFileReference; lastKnownFileType = sourcecode.swift; path = EditTasks.swift; sourceTree = "<group>"; };
		32206E752BA3A2EB002753A8 /* DataControllar.swift */ = {isa = PBXFileReference; lastKnownFileType = sourcecode.swift; path = DataControllar.swift; sourceTree = "<group>"; };
/* End PBXFileReference section */

/* Begin PBXFrameworksBuildPhase section */
		32206E3B2BA36EBF002753A8 /* Frameworks */ = {
			isa = PBXFrameworksBuildPhase;
			buildActionMask = 2147483647;
			files = (
			);
			runOnlyForDeploymentPostprocessing = 0;
		};
		32206E4B2BA36EC2002753A8 /* Frameworks */ = {
			isa = PBXFrameworksBuildPhase;
			buildActionMask = 2147483647;
			files = (
			);
			runOnlyForDeploymentPostprocessing = 0;
		};
		32206E552BA36EC2002753A8 /* Frameworks */ = {
			isa = PBXFrameworksBuildPhase;
			buildActionMask = 2147483647;
			files = (
			);
			runOnlyForDeploymentPostprocessing = 0;
		};
/* End PBXFrameworksBuildPhase section */

/* Begin PBXGroup section */
		32206E352BA36EBF002753A8 = {
			isa = PBXGroup;
			children = (
				32206E402BA36EBF002753A8 /* ToDoListApp */,
				32206E512BA36EC2002753A8 /* ToDoListAppTests */,
				32206E5B2BA36EC2002753A8 /* ToDoListAppUITests */,
				32206E3F2BA36EBF002753A8 /* Products */,
			);
			sourceTree = "<group>";
		};
		32206E3F2BA36EBF002753A8 /* Products */ = {
			isa = PBXGroup;
			children = (
				32206E3E2BA36EBF002753A8 /* ToDoListApp.app */,
				32206E4E2BA36EC2002753A8 /* ToDoListAppTests.xctest */,
				32206E582BA36EC2002753A8 /* ToDoListAppUITests.xctest */,
			);
			name = Products;
			sourceTree = "<group>";
		};
		32206E402BA36EBF002753A8 /* ToDoListApp */ = {
			isa = PBXGroup;
			children = (
				32206E412BA36EBF002753A8 /* ToDoListAppApp.swift */,
				32206E432BA36EBF002753A8 /* ContentView.swift */,
				32206E6F2BA37CDC002753A8 /* addTaskView.swift */,
				32206E712BA38E7F002753A8 /* EditTasks.swift */,
				32206E6B2BA36FE6002753A8 /* DataModel */,
				32206E452BA36EC1002753A8 /* Assets.xcassets */,
				32206E472BA36EC1002753A8 /* Preview Content */,
			);
			path = ToDoListApp;
			sourceTree = "<group>";
		};
		32206E472BA36EC1002753A8 /* Preview Content */ = {
			isa = PBXGroup;
			children = (
				32206E482BA36EC1002753A8 /* Preview Assets.xcassets */,
			);
			path = "Preview Content";
			sourceTree = "<group>";
		};
		32206E512BA36EC2002753A8 /* ToDoListAppTests */ = {
			isa = PBXGroup;
			children = (
				32206E522BA36EC2002753A8 /* ToDoListAppTests.swift */,
			);
			path = ToDoListAppTests;
			sourceTree = "<group>";
		};
		32206E5B2BA36EC2002753A8 /* ToDoListAppUITests */ = {
			isa = PBXGroup;
			children = (
				32206E5C2BA36EC2002753A8 /* ToDoListAppUITests.swift */,
				32206E5E2BA36EC2002753A8 /* ToDoListAppUITestsLaunchTests.swift */,
			);
			path = ToDoListAppUITests;
			sourceTree = "<group>";
		};
		32206E6B2BA36FE6002753A8 /* DataModel */ = {
			isa = PBXGroup;
			children = (
				32206E6C2BA3703F002753A8 /* TasksModel.xcdatamodeld */,
				32206E752BA3A2EB002753A8 /* DataControllar.swift */,
			);
			path = DataModel;
			sourceTree = "<group>";
		};
/* End PBXGroup section */

/* Begin PBXNativeTarget section */
		32206E3D2BA36EBF002753A8 /* ToDoListApp */ = {
			isa = PBXNativeTarget;
			buildConfigurationList = 32206E622BA36EC2002753A8 /* Build configuration list for PBXNativeTarget "ToDoListApp" */;
			buildPhases = (
				32206E3A2BA36EBF002753A8 /* Sources */,
				32206E3B2BA36EBF002753A8 /* Frameworks */,
				32206E3C2BA36EBF002753A8 /* Resources */,
			);
			buildRules = (
			);
			dependencies = (
			);
			name = ToDoListApp;
			productName = ToDoListApp;
			productReference = 32206E3E2BA36EBF002753A8 /* ToDoListApp.app */;
			productType = "com.apple.product-type.application";
		};
		32206E4D2BA36EC2002753A8 /* ToDoListAppTests */ = {
			isa = PBXNativeTarget;
			buildConfigurationList = 32206E652BA36EC2002753A8 /* Build configuration list for PBXNativeTarget "ToDoListAppTests" */;
			buildPhases = (
				32206E4A2BA36EC2002753A8 /* Sources */,
				32206E4B2BA36EC2002753A8 /* Frameworks */,
				32206E4C2BA36EC2002753A8 /* Resources */,
			);
			buildRules = (
			);
			dependencies = (
				32206E502BA36EC2002753A8 /* PBXTargetDependency */,
			);
			name = ToDoListAppTests;
			productName = ToDoListAppTests;
			productReference = 32206E4E2BA36EC2002753A8 /* ToDoListAppTests.xctest */;
			productType = "com.apple.product-type.bundle.unit-test";
		};
		32206E572BA36EC2002753A8 /* ToDoListAppUITests */ = {
			isa = PBXNativeTarget;
			buildConfigurationList = 32206E682BA36EC2002753A8 /* Build configuration list for PBXNativeTarget "ToDoListAppUITests" */;
			buildPhases = (
				32206E542BA36EC2002753A8 /* Sources */,
				32206E552BA36EC2002753A8 /* Frameworks */,
				32206E562BA36EC2002753A8 /* Resources */,
			);
			buildRules = (
			);
			dependencies = (
				32206E5A2BA36EC2002753A8 /* PBXTargetDependency */,
			);
			name = ToDoListAppUITests;
			productName = ToDoListAppUITests;
			productReference = 32206E582BA36EC2002753A8 /* ToDoListAppUITests.xctest */;
			productType = "com.apple.product-type.bundle.ui-testing";
		};
/* End PBXNativeTarget section */

/* Begin PBXProject section */
		32206E362BA36EBF002753A8 /* Project object */ = {
			isa = PBXProject;
			attributes = {
				BuildIndependentTargetsInParallel = 1;
				LastSwiftUpdateCheck = 1530;
				LastUpgradeCheck = 1530;
				TargetAttributes = {
					32206E3D2BA36EBF002753A8 = {
						CreatedOnToolsVersion = 15.3;
					};
					32206E4D2BA36EC2002753A8 = {
						CreatedOnToolsVersion = 15.3;
						TestTargetID = 32206E3D2BA36EBF002753A8;
					};
					32206E572BA36EC2002753A8 = {
						CreatedOnToolsVersion = 15.3;
						TestTargetID = 32206E3D2BA36EBF002753A8;
					};
				};
			};
			buildConfigurationList = 32206E392BA36EBF002753A8 /* Build configuration list for PBXProject "ToDoListApp" */;
			compatibilityVersion = "Xcode 14.0";
			developmentRegion = en;
			hasScannedForEncodings = 0;
			knownRegions = (
				en,
				Base,
			);
			mainGroup = 32206E352BA36EBF002753A8;
			productRefGroup = 32206E3F2BA36EBF002753A8 /* Products */;
			projectDirPath = "";
			projectRoot = "";
			targets = (
				32206E3D2BA36EBF002753A8 /* ToDoListApp */,
				32206E4D2BA36EC2002753A8 /* ToDoListAppTests */,
				32206E572BA36EC2002753A8 /* ToDoListAppUITests */,
			);
		};
/* End PBXProject section */

/* Begin PBXResourcesBuildPhase section */
		32206E3C2BA36EBF002753A8 /* Resources */ = {
			isa = PBXResourcesBuildPhase;
			buildActionMask = 2147483647;
			files = (
				32206E492BA36EC1002753A8 /* Preview Assets.xcassets in Resources */,
				32206E462BA36EC1002753A8 /* Assets.xcassets in Resources */,
			);
			runOnlyForDeploymentPostprocessing = 0;
		};
		32206E4C2BA36EC2002753A8 /* Resources */ = {
			isa = PBXResourcesBuildPhase;
			buildActionMask = 2147483647;
			files = (
			);
			runOnlyForDeploymentPostprocessing = 0;
		};
		32206E562BA36EC2002753A8 /* Resources */ = {
			isa = PBXResourcesBuildPhase;
			buildActionMask = 2147483647;
			files = (
			);
			runOnlyForDeploymentPostprocessing = 0;
		};
/* End PBXResourcesBuildPhase section */

/* Begin PBXSourcesBuildPhase section */
		32206E3A2BA36EBF002753A8 /* Sources */ = {
			isa = PBXSourcesBuildPhase;
			buildActionMask = 2147483647;
			files = (
				32206E6E2BA3703F002753A8 /* TasksModel.xcdatamodeld in Sources */,
				32206E762BA3A2EB002753A8 /* DataControllar.swift in Sources */,
				32206E722BA38E7F002753A8 /* EditTasks.swift in Sources */,
				32206E442BA36EBF002753A8 /* ContentView.swift in Sources */,
				32206E422BA36EBF002753A8 /* ToDoListAppApp.swift in Sources */,
				32206E702BA37CDC002753A8 /* addTaskView.swift in Sources */,
			);
			runOnlyForDeploymentPostprocessing = 0;
		};
		32206E4A2BA36EC2002753A8 /* Sources */ = {
			isa = PBXSourcesBuildPhase;
			buildActionMask = 2147483647;
			files = (
				32206E532BA36EC2002753A8 /* ToDoListAppTests.swift in Sources */,
			);
			runOnlyForDeploymentPostprocessing = 0;
		};
		32206E542BA36EC2002753A8 /* Sources */ = {
			isa = PBXSourcesBuildPhase;
			buildActionMask = 2147483647;
			files = (
				32206E5F2BA36EC2002753A8 /* ToDoListAppUITestsLaunchTests.swift in Sources */,
				32206E5D2BA36EC2002753A8 /* ToDoListAppUITests.swift in Sources */,
			);
			runOnlyForDeploymentPostprocessing = 0;
		};
/* End PBXSourcesBuildPhase section */

/* Begin PBXTargetDependency section */
		32206E502BA36EC2002753A8 /* PBXTargetDependency */ = {
			isa = PBXTargetDependency;
			target = 32206E3D2BA36EBF002753A8 /* ToDoListApp */;
			targetProxy = 32206E4F2BA36EC2002753A8 /* PBXContainerItemProxy */;
		};
		32206E5A2BA36EC2002753A8 /* PBXTargetDependency */ = {
			isa = PBXTargetDependency;
			target = 32206E3D2BA36EBF002753A8 /* ToDoListApp */;
			targetProxy = 32206E592BA36EC2002753A8 /* PBXContainerItemProxy */;
		};
/* End PBXTargetDependency section */

/* Begin XCBuildConfiguration section */
		32206E602BA36EC2002753A8 /* Debug */ = {
			isa = XCBuildConfiguration;
			buildSettings = {
				ALWAYS_SEARCH_USER_PATHS = NO;
				ASSETCATALOG_COMPILER_GENERATE_SWIFT_ASSET_SYMBOL_EXTENSIONS = YES;
				CLANG_ANALYZER_NONNULL = YES;
				CLANG_ANALYZER_NUMBER_OBJECT_CONVERSION = YES_AGGRESSIVE;
				CLANG_CXX_LANGUAGE_STANDARD = "gnu++20";
				CLANG_ENABLE_MODULES = YES;
				CLANG_ENABLE_OBJC_ARC = YES;
				CLANG_ENABLE_OBJC_WEAK = YES;
				CLANG_WARN_BLOCK_CAPTURE_AUTORELEASING = YES;
				CLANG_WARN_BOOL_CONVERSION = YES;
				CLANG_WARN_COMMA = YES;
				CLANG_WARN_CONSTANT_CONVERSION = YES;
				CLANG_WARN_DEPRECATED_OBJC_IMPLEMENTATIONS = YES;
				CLANG_WARN_DIRECT_OBJC_ISA_USAGE = YES_ERROR;
				CLANG_WARN_DOCUMENTATION_COMMENTS = YES;
				CLANG_WARN_EMPTY_BODY = YES;
				CLANG_WARN_ENUM_CONVERSION = YES;
				CLANG_WARN_INFINITE_RECURSION = YES;
				CLANG_WARN_INT_CONVERSION = YES;
				CLANG_WARN_NON_LITERAL_NULL_CONVERSION = YES;
				CLANG_WARN_OBJC_IMPLICIT_RETAIN_SELF = YES;
				CLANG_WARN_OBJC_LITERAL_CONVERSION = YES;
				CLANG_WARN_OBJC_ROOT_CLASS = YES_ERROR;
				CLANG_WARN_QUOTED_INCLUDE_IN_FRAMEWORK_HEADER = YES;
				CLANG_WARN_RANGE_LOOP_ANALYSIS = YES;
				CLANG_WARN_STRICT_PROTOTYPES = YES;
				CLANG_WARN_SUSPICIOUS_MOVE = YES;
				CLANG_WARN_UNGUARDED_AVAILABILITY = YES_AGGRESSIVE;
				CLANG_WARN_UNREACHABLE_CODE = YES;
				CLANG_WARN__DUPLICATE_METHOD_MATCH = YES;
				COPY_PHASE_STRIP = NO;
				DEBUG_INFORMATION_FORMAT = dwarf;
				ENABLE_STRICT_OBJC_MSGSEND = YES;
				ENABLE_TESTABILITY = YES;
				ENABLE_USER_SCRIPT_SANDBOXING = YES;
				GCC_C_LANGUAGE_STANDARD = gnu17;
				GCC_DYNAMIC_NO_PIC = NO;
				GCC_NO_COMMON_BLOCKS = YES;
				GCC_OPTIMIZATION_LEVEL = 0;
				GCC_PREPROCESSOR_DEFINITIONS = (
					"DEBUG=1",
					"$(inherited)",
				);
				GCC_WARN_64_TO_32_BIT_CONVERSION = YES;
				GCC_WARN_ABOUT_RETURN_TYPE = YES_ERROR;
				GCC_WARN_UNDECLARED_SELECTOR = YES;
				GCC_WARN_UNINITIALIZED_AUTOS = YES_AGGRESSIVE;
				GCC_WARN_UNUSED_FUNCTION = YES;
				GCC_WARN_UNUSED_VARIABLE = YES;
				IPHONEOS_DEPLOYMENT_TARGET = 17.4;
				LOCALIZATION_PREFERS_STRING_CATALOGS = YES;
				MTL_ENABLE_DEBUG_INFO = INCLUDE_SOURCE;
				MTL_FAST_MATH = YES;
				ONLY_ACTIVE_ARCH = YES;
				SDKROOT = iphoneos;
				SWIFT_ACTIVE_COMPILATION_CONDITIONS = "DEBUG $(inherited)";
				SWIFT_OPTIMIZATION_LEVEL = "-Onone";
			};
			name = Debug;
		};
		32206E612BA36EC2002753A8 /* Release */ = {
			isa = XCBuildConfiguration;
			buildSettings = {
				ALWAYS_SEARCH_USER_PATHS = NO;
				ASSETCATALOG_COMPILER_GENERATE_SWIFT_ASSET_SYMBOL_EXTENSIONS = YES;
				CLANG_ANALYZER_NONNULL = YES;
				CLANG_ANALYZER_NUMBER_OBJECT_CONVERSION = YES_AGGRESSIVE;
				CLANG_CXX_LANGUAGE_STANDARD = "gnu++20";
				CLANG_ENABLE_MODULES = YES;
				CLANG_ENABLE_OBJC_ARC = YES;
				CLANG_ENABLE_OBJC_WEAK = YES;
				CLANG_WARN_BLOCK_CAPTURE_AUTORELEASING = YES;
				CLANG_WARN_BOOL_CONVERSION = YES;
				CLANG_WARN_COMMA = YES;
				CLANG_WARN_CONSTANT_CONVERSION = YES;
				CLANG_WARN_DEPRECATED_OBJC_IMPLEMENTATIONS = YES;
				CLANG_WARN_DIRECT_OBJC_ISA_USAGE = YES_ERROR;
				CLANG_WARN_DOCUMENTATION_COMMENTS = YES;
				CLANG_WARN_EMPTY_BODY = YES;
				CLANG_WARN_ENUM_CONVERSION = YES;
				CLANG_WARN_INFINITE_RECURSION = YES;
				CLANG_WARN_INT_CONVERSION = YES;
				CLANG_WARN_NON_LITERAL_NULL_CONVERSION = YES;
				CLANG_WARN_OBJC_IMPLICIT_RETAIN_SELF = YES;
				CLANG_WARN_OBJC_LITERAL_CONVERSION = YES;
				CLANG_WARN_OBJC_ROOT_CLASS = YES_ERROR;
				CLANG_WARN_QUOTED_INCLUDE_IN_FRAMEWORK_HEADER = YES;
				CLANG_WARN_RANGE_LOOP_ANALYSIS = YES;
				CLANG_WARN_STRICT_PROTOTYPES = YES;
				CLANG_WARN_SUSPICIOUS_MOVE = YES;
				CLANG_WARN_UNGUARDED_AVAILABILITY = YES_AGGRESSIVE;
				CLANG_WARN_UNREACHABLE_CODE = YES;
				CLANG_WARN__DUPLICATE_METHOD_MATCH = YES;
				COPY_PHASE_STRIP = NO;
				DEBUG_INFORMATION_FORMAT = "dwarf-with-dsym";
				ENABLE_NS_ASSERTIONS = NO;
				ENABLE_STRICT_OBJC_MSGSEND = YES;
				ENABLE_USER_SCRIPT_SANDBOXING = YES;
				GCC_C_LANGUAGE_STANDARD = gnu17;
				GCC_NO_COMMON_BLOCKS = YES;
				GCC_WARN_64_TO_32_BIT_CONVERSION = YES;
				GCC_WARN_ABOUT_RETURN_TYPE = YES_ERROR;
				GCC_WARN_UNDECLARED_SELECTOR = YES;
				GCC_WARN_UNINITIALIZED_AUTOS = YES_AGGRESSIVE;
				GCC_WARN_UNUSED_FUNCTION = YES;
				GCC_WARN_UNUSED_VARIABLE = YES;
				IPHONEOS_DEPLOYMENT_TARGET = 17.4;
				LOCALIZATION_PREFERS_STRING_CATALOGS = YES;
				MTL_ENABLE_DEBUG_INFO = NO;
				MTL_FAST_MATH = YES;
				SDKROOT = iphoneos;
				SWIFT_COMPILATION_MODE = wholemodule;
				VALIDATE_PRODUCT = YES;
			};
			name = Release;
		};
		32206E632BA36EC2002753A8 /* Debug */ = {
			isa = XCBuildConfiguration;
			buildSettings = {
				ASSETCATALOG_COMPILER_APPICON_NAME = AppIcon;
				ASSETCATALOG_COMPILER_GLOBAL_ACCENT_COLOR_NAME = AccentColor;
				CODE_SIGN_STYLE = Automatic;
				CURRENT_PROJECT_VERSION = 1;
				DEVELOPMENT_ASSET_PATHS = "\"ToDoListApp/Preview Content\"";
				ENABLE_PREVIEWS = YES;
				GENERATE_INFOPLIST_FILE = YES;
				INFOPLIST_KEY_UIApplicationSceneManifest_Generation = YES;
				INFOPLIST_KEY_UIApplicationSupportsIndirectInputEvents = YES;
				INFOPLIST_KEY_UILaunchScreen_Generation = YES;
				INFOPLIST_KEY_UISupportedInterfaceOrientations_iPad = "UIInterfaceOrientationPortrait UIInterfaceOrientationPortraitUpsideDown UIInterfaceOrientationLandscapeLeft UIInterfaceOrientationLandscapeRight";
				INFOPLIST_KEY_UISupportedInterfaceOrientations_iPhone = "UIInterfaceOrientationPortrait UIInterfaceOrientationLandscapeLeft UIInterfaceOrientationLandscapeRight";
				LD_RUNPATH_SEARCH_PATHS = (
					"$(inherited)",
					"@executable_path/Frameworks",
				);
				MARKETING_VERSION = 1.0;
				PRODUCT_BUNDLE_IDENTIFIER = Raneem.ToDoListApp;
				PRODUCT_NAME = "$(TARGET_NAME)";
				SWIFT_EMIT_LOC_STRINGS = YES;
				SWIFT_VERSION = 5.0;
				TARGETED_DEVICE_FAMILY = "1,2";
			};
			name = Debug;
		};
		32206E642BA36EC2002753A8 /* Release */ = {
			isa = XCBuildConfiguration;
			buildSettings = {
				ASSETCATALOG_COMPILER_APPICON_NAME = AppIcon;
				ASSETCATALOG_COMPILER_GLOBAL_ACCENT_COLOR_NAME = AccentColor;
				CODE_SIGN_STYLE = Automatic;
				CURRENT_PROJECT_VERSION = 1;
				DEVELOPMENT_ASSET_PATHS = "\"ToDoListApp/Preview Content\"";
				ENABLE_PREVIEWS = YES;
				GENERATE_INFOPLIST_FILE = YES;
				INFOPLIST_KEY_UIApplicationSceneManifest_Generation = YES;
				INFOPLIST_KEY_UIApplicationSupportsIndirectInputEvents = YES;
				INFOPLIST_KEY_UILaunchScreen_Generation = YES;
				INFOPLIST_KEY_UISupportedInterfaceOrientations_iPad = "UIInterfaceOrientationPortrait UIInterfaceOrientationPortraitUpsideDown UIInterfaceOrientationLandscapeLeft UIInterfaceOrientationLandscapeRight";
				INFOPLIST_KEY_UISupportedInterfaceOrientations_iPhone = "UIInterfaceOrientationPortrait UIInterfaceOrientationLandscapeLeft UIInterfaceOrientationLandscapeRight";
				LD_RUNPATH_SEARCH_PATHS = (
					"$(inherited)",
					"@executable_path/Frameworks",
				);
				MARKETING_VERSION = 1.0;
				PRODUCT_BUNDLE_IDENTIFIER = Raneem.ToDoListApp;
				PRODUCT_NAME = "$(TARGET_NAME)";
				SWIFT_EMIT_LOC_STRINGS = YES;
				SWIFT_VERSION = 5.0;
				TARGETED_DEVICE_FAMILY = "1,2";
			};
			name = Release;
		};
		32206E662BA36EC2002753A8 /* Debug */ = {
			isa = XCBuildConfiguration;
			buildSettings = {
				ALWAYS_EMBED_SWIFT_STANDARD_LIBRARIES = YES;
				BUNDLE_LOADER = "$(TEST_HOST)";
				CODE_SIGN_STYLE = Automatic;
				CURRENT_PROJECT_VERSION = 1;
				GENERATE_INFOPLIST_FILE = YES;
				IPHONEOS_DEPLOYMENT_TARGET = 17.4;
				MARKETING_VERSION = 1.0;
				PRODUCT_BUNDLE_IDENTIFIER = Raneem.ToDoListAppTests;
				PRODUCT_NAME = "$(TARGET_NAME)";
				SWIFT_EMIT_LOC_STRINGS = NO;
				SWIFT_VERSION = 5.0;
				TARGETED_DEVICE_FAMILY = "1,2";
				TEST_HOST = "$(BUILT_PRODUCTS_DIR)/ToDoListApp.app/$(BUNDLE_EXECUTABLE_FOLDER_PATH)/ToDoListApp";
			};
			name = Debug;
		};
		32206E672BA36EC2002753A8 /* Release */ = {
			isa = XCBuildConfiguration;
			buildSettings = {
				ALWAYS_EMBED_SWIFT_STANDARD_LIBRARIES = YES;
				BUNDLE_LOADER = "$(TEST_HOST)";
				CODE_SIGN_STYLE = Automatic;
				CURRENT_PROJECT_VERSION = 1;
				GENERATE_INFOPLIST_FILE = YES;
				IPHONEOS_DEPLOYMENT_TARGET = 17.4;
				MARKETING_VERSION = 1.0;
				PRODUCT_BUNDLE_IDENTIFIER = Raneem.ToDoListAppTests;
				PRODUCT_NAME = "$(TARGET_NAME)";
				SWIFT_EMIT_LOC_STRINGS = NO;
				SWIFT_VERSION = 5.0;
				TARGETED_DEVICE_FAMILY = "1,2";
				TEST_HOST = "$(BUILT_PRODUCTS_DIR)/ToDoListApp.app/$(BUNDLE_EXECUTABLE_FOLDER_PATH)/ToDoListApp";
			};
			name = Release;
		};
		32206E692BA36EC2002753A8 /* Debug */ = {
			isa = XCBuildConfiguration;
			buildSettings = {
				ALWAYS_EMBED_SWIFT_STANDARD_LIBRARIES = YES;
				CODE_SIGN_STYLE = Automatic;
				CURRENT_PROJECT_VERSION = 1;
				GENERATE_INFOPLIST_FILE = YES;
				MARKETING_VERSION = 1.0;
				PRODUCT_BUNDLE_IDENTIFIER = Raneem.ToDoListAppUITests;
				PRODUCT_NAME = "$(TARGET_NAME)";
				SWIFT_EMIT_LOC_STRINGS = NO;
				SWIFT_VERSION = 5.0;
				TARGETED_DEVICE_FAMILY = "1,2";
				TEST_TARGET_NAME = ToDoListApp;
			};
			name = Debug;
		};
		32206E6A2BA36EC2002753A8 /* Release */ = {
			isa = XCBuildConfiguration;
			buildSettings = {
				ALWAYS_EMBED_SWIFT_STANDARD_LIBRARIES = YES;
				CODE_SIGN_STYLE = Automatic;
				CURRENT_PROJECT_VERSION = 1;
				GENERATE_INFOPLIST_FILE = YES;
				MARKETING_VERSION = 1.0;
				PRODUCT_BUNDLE_IDENTIFIER = Raneem.ToDoListAppUITests;
				PRODUCT_NAME = "$(TARGET_NAME)";
				SWIFT_EMIT_LOC_STRINGS = NO;
				SWIFT_VERSION = 5.0;
				TARGETED_DEVICE_FAMILY = "1,2";
				TEST_TARGET_NAME = ToDoListApp;
			};
			name = Release;
		};
/* End XCBuildConfiguration section */

/* Begin XCConfigurationList section */
		32206E392BA36EBF002753A8 /* Build configuration list for PBXProject "ToDoListApp" */ = {
			isa = XCConfigurationList;
			buildConfigurations = (
				32206E602BA36EC2002753A8 /* Debug */,
				32206E612BA36EC2002753A8 /* Release */,
			);
			defaultConfigurationIsVisible = 0;
			defaultConfigurationName = Release;
		};
		32206E622BA36EC2002753A8 /* Build configuration list for PBXNativeTarget "ToDoListApp" */ = {
			isa = XCConfigurationList;
			buildConfigurations = (
				32206E632BA36EC2002753A8 /* Debug */,
				32206E642BA36EC2002753A8 /* Release */,
			);
			defaultConfigurationIsVisible = 0;
			defaultConfigurationName = Release;
		};
		32206E652BA36EC2002753A8 /* Build configuration list for PBXNativeTarget "ToDoListAppTests" */ = {
			isa = XCConfigurationList;
			buildConfigurations = (
				32206E662BA36EC2002753A8 /* Debug */,
				32206E672BA36EC2002753A8 /* Release */,
			);
			defaultConfigurationIsVisible = 0;
			defaultConfigurationName = Release;
		};
		32206E682BA36EC2002753A8 /* Build configuration list for PBXNativeTarget "ToDoListAppUITests" */ = {
			isa = XCConfigurationList;
			buildConfigurations = (
				32206E692BA36EC2002753A8 /* Debug */,
				32206E6A2BA36EC2002753A8 /* Release */,
			);
			defaultConfigurationIsVisible = 0;
			defaultConfigurationName = Release;
		};
/* End XCConfigurationList section */

/* Begin XCVersionGroup section */
		32206E6C2BA3703F002753A8 /* TasksModel.xcdatamodeld */ = {
			isa = XCVersionGroup;
			children = (
				32206E6D2BA3703F002753A8 /* TasksModel.xcdatamodel */,
			);
			currentVersion = 32206E6D2BA3703F002753A8 /* TasksModel.xcdatamodel */;
			name = TasksModel.xcdatamodeld;
			path = /Users/rneemalqarni/Desktop/ToDoListApp/ToDoListApp/DataModel/TasksModel.xcdatamodeld;
			sourceTree = "<group>";
			versionGroupType = wrapper.xcdatamodel;
		};
/* End XCVersionGroup section */
	};
	rootObject = 32206E362BA36EBF002753A8 /* Project object */;
}
